// !$*UTF8*$!
{
	archiveVersion = 1;
	classes = {
	};
	objectVersion = 56;
	objects = {

/* Begin PBXBuildFile section */
		A8B31F8529F71D6300D2A474 /* AppDelegate.swift in Sources */ = {isa = PBXBuildFile; fileRef = A8B31F8429F71D6300D2A474 /* AppDelegate.swift */; };
		A8B31F8729F71D6300D2A474 /* SceneDelegate.swift in Sources */ = {isa = PBXBuildFile; fileRef = A8B31F8629F71D6300D2A474 /* SceneDelegate.swift */; };
		A8B31F8929F71D6300D2A474 /* ViewController.swift in Sources */ = {isa = PBXBuildFile; fileRef = A8B31F8829F71D6300D2A474 /* ViewController.swift */; };
		A8B31F8C29F71D6300D2A474 /* Main.storyboard in Resources */ = {isa = PBXBuildFile; fileRef = A8B31F8A29F71D6300D2A474 /* Main.storyboard */; };
		A8B31F8E29F71D6400D2A474 /* Assets.xcassets in Resources */ = {isa = PBXBuildFile; fileRef = A8B31F8D29F71D6400D2A474 /* Assets.xcassets */; };
		A8B31F9129F71D6400D2A474 /* LaunchScreen.storyboard in Resources */ = {isa = PBXBuildFile; fileRef = A8B31F8F29F71D6400D2A474 /* LaunchScreen.storyboard */; };
		A8B31F9C29F71D6500D2A474 /* Yassir_MoviesTests.swift in Sources */ = {isa = PBXBuildFile; fileRef = A8B31F9B29F71D6500D2A474 /* Yassir_MoviesTests.swift */; };
		A8B31FA629F71D6500D2A474 /* Yassir_MoviesUITests.swift in Sources */ = {isa = PBXBuildFile; fileRef = A8B31FA529F71D6500D2A474 /* Yassir_MoviesUITests.swift */; };
		A8B31FA829F71D6500D2A474 /* Yassir_MoviesUITestsLaunchTests.swift in Sources */ = {isa = PBXBuildFile; fileRef = A8B31FA729F71D6500D2A474 /* Yassir_MoviesUITestsLaunchTests.swift */; };
/* End PBXBuildFile section */

/* Begin PBXContainerItemProxy section */
		A8B31F9829F71D6500D2A474 /* PBXContainerItemProxy */ = {
			isa = PBXContainerItemProxy;
			containerPortal = A8B31F7929F71D6300D2A474 /* Project object */;
			proxyType = 1;
			remoteGlobalIDString = A8B31F8029F71D6300D2A474;
			remoteInfo = "Yassir-Movies";
		};
		A8B31FA229F71D6500D2A474 /* PBXContainerItemProxy */ = {
			isa = PBXContainerItemProxy;
			containerPortal = A8B31F7929F71D6300D2A474 /* Project object */;
			proxyType = 1;
			remoteGlobalIDString = A8B31F8029F71D6300D2A474;
			remoteInfo = "Yassir-Movies";
		};
/* End PBXContainerItemProxy section */

/* Begin PBXFileReference section */
		A8B31F8129F71D6300D2A474 /* Yassir-Movies.app */ = {isa = PBXFileReference; explicitFileType = wrapper.application; includeInIndex = 0; path = "Yassir-Movies.app"; sourceTree = BUILT_PRODUCTS_DIR; };
		A8B31F8429F71D6300D2A474 /* AppDelegate.swift */ = {isa = PBXFileReference; lastKnownFileType = sourcecode.swift; path = AppDelegate.swift; sourceTree = "<group>"; };
		A8B31F8629F71D6300D2A474 /* SceneDelegate.swift */ = {isa = PBXFileReference; lastKnownFileType = sourcecode.swift; path = SceneDelegate.swift; sourceTree = "<group>"; };
		A8B31F8829F71D6300D2A474 /* ViewController.swift */ = {isa = PBXFileReference; lastKnownFileType = sourcecode.swift; path = ViewController.swift; sourceTree = "<group>"; };
		A8B31F8B29F71D6300D2A474 /* Base */ = {isa = PBXFileReference; lastKnownFileType = file.storyboard; name = Base; path = Base.lproj/Main.storyboard; sourceTree = "<group>"; };
		A8B31F8D29F71D6400D2A474 /* Assets.xcassets */ = {isa = PBXFileReference; lastKnownFileType = folder.assetcatalog; path = Assets.xcassets; sourceTree = "<group>"; };
		A8B31F9029F71D6400D2A474 /* Base */ = {isa = PBXFileReference; lastKnownFileType = file.storyboard; name = Base; path = Base.lproj/LaunchScreen.storyboard; sourceTree = "<group>"; };
		A8B31F9229F71D6400D2A474 /* Info.plist */ = {isa = PBXFileReference; lastKnownFileType = text.plist.xml; path = Info.plist; sourceTree = "<group>"; };
		A8B31F9729F71D6500D2A474 /* Yassir-MoviesTests.xctest */ = {isa = PBXFileReference; explicitFileType = wrapper.cfbundle; includeInIndex = 0; path = "Yassir-MoviesTests.xctest"; sourceTree = BUILT_PRODUCTS_DIR; };
		A8B31F9B29F71D6500D2A474 /* Yassir_MoviesTests.swift */ = {isa = PBXFileReference; lastKnownFileType = sourcecode.swift; path = Yassir_MoviesTests.swift; sourceTree = "<group>"; };
		A8B31FA129F71D6500D2A474 /* Yassir-MoviesUITests.xctest */ = {isa = PBXFileReference; explicitFileType = wrapper.cfbundle; includeInIndex = 0; path = "Yassir-MoviesUITests.xctest"; sourceTree = BUILT_PRODUCTS_DIR; };
		A8B31FA529F71D6500D2A474 /* Yassir_MoviesUITests.swift */ = {isa = PBXFileReference; lastKnownFileType = sourcecode.swift; path = Yassir_MoviesUITests.swift; sourceTree = "<group>"; };
		A8B31FA729F71D6500D2A474 /* Yassir_MoviesUITestsLaunchTests.swift */ = {isa = PBXFileReference; lastKnownFileType = sourcecode.swift; path = Yassir_MoviesUITestsLaunchTests.swift; sourceTree = "<group>"; };
/* End PBXFileReference section */

/* Begin PBXFrameworksBuildPhase section */
		A8B31F7E29F71D6300D2A474 /* Frameworks */ = {
			isa = PBXFrameworksBuildPhase;
			buildActionMask = 2147483647;
			files = (
			);
			runOnlyForDeploymentPostprocessing = 0;
		};
		A8B31F9429F71D6500D2A474 /* Frameworks */ = {
			isa = PBXFrameworksBuildPhase;
			buildActionMask = 2147483647;
			files = (
			);
			runOnlyForDeploymentPostprocessing = 0;
		};
		A8B31F9E29F71D6500D2A474 /* Frameworks */ = {
			isa = PBXFrameworksBuildPhase;
			buildActionMask = 2147483647;
			files = (
			);
			runOnlyForDeploymentPostprocessing = 0;
		};
/* End PBXFrameworksBuildPhase section */

/* Begin PBXGroup section */
		A8B31F7829F71D6300D2A474 = {
			isa = PBXGroup;
			children = (
				A8B31F8329F71D6300D2A474 /* Yassir-Movies */,
				A8B31F9A29F71D6500D2A474 /* Yassir-MoviesTests */,
				A8B31FA429F71D6500D2A474 /* Yassir-MoviesUITests */,
				A8B31F8229F71D6300D2A474 /* Products */,
			);
			sourceTree = "<group>";
		};
		A8B31F8229F71D6300D2A474 /* Products */ = {
			isa = PBXGroup;
			children = (
				A8B31F8129F71D6300D2A474 /* Yassir-Movies.app */,
				A8B31F9729F71D6500D2A474 /* Yassir-MoviesTests.xctest */,
				A8B31FA129F71D6500D2A474 /* Yassir-MoviesUITests.xctest */,
			);
			name = Products;
			sourceTree = "<group>";
		};
		A8B31F8329F71D6300D2A474 /* Yassir-Movies */ = {
			isa = PBXGroup;
			children = (
				A8B31F8429F71D6300D2A474 /* AppDelegate.swift */,
				A8B31F8629F71D6300D2A474 /* SceneDelegate.swift */,
				A8B31F8829F71D6300D2A474 /* ViewController.swift */,
				A8B31F8A29F71D6300D2A474 /* Main.storyboard */,
				A8B31F8D29F71D6400D2A474 /* Assets.xcassets */,
				A8B31F8F29F71D6400D2A474 /* LaunchScreen.storyboard */,
				A8B31F9229F71D6400D2A474 /* Info.plist */,
			);
			path = "Yassir-Movies";
			sourceTree = "<group>";
		};
		A8B31F9A29F71D6500D2A474 /* Yassir-MoviesTests */ = {
			isa = PBXGroup;
			children = (
				A8B31F9B29F71D6500D2A474 /* Yassir_MoviesTests.swift */,
			);
			path = "Yassir-MoviesTests";
			sourceTree = "<group>";
		};
		A8B31FA429F71D6500D2A474 /* Yassir-MoviesUITests */ = {
			isa = PBXGroup;
			children = (
				A8B31FA529F71D6500D2A474 /* Yassir_MoviesUITests.swift */,
				A8B31FA729F71D6500D2A474 /* Yassir_MoviesUITestsLaunchTests.swift */,
			);
			path = "Yassir-MoviesUITests";
			sourceTree = "<group>";
		};
/* End PBXGroup section */

/* Begin PBXNativeTarget section */
		A8B31F8029F71D6300D2A474 /* Yassir-Movies */ = {
			isa = PBXNativeTarget;
			buildConfigurationList = A8B31FAB29F71D6500D2A474 /* Build configuration list for PBXNativeTarget "Yassir-Movies" */;
			buildPhases = (
				A8B31F7D29F71D6300D2A474 /* Sources */,
				A8B31F7E29F71D6300D2A474 /* Frameworks */,
				A8B31F7F29F71D6300D2A474 /* Resources */,
			);
			buildRules = (
			);
			dependencies = (
			);
			name = "Yassir-Movies";
			productName = "Yassir-Movies";
			productReference = A8B31F8129F71D6300D2A474 /* Yassir-Movies.app */;
			productType = "com.apple.product-type.application";
		};
		A8B31F9629F71D6500D2A474 /* Yassir-MoviesTests */ = {
			isa = PBXNativeTarget;
			buildConfigurationList = A8B31FAE29F71D6500D2A474 /* Build configuration list for PBXNativeTarget "Yassir-MoviesTests" */;
			buildPhases = (
				A8B31F9329F71D6500D2A474 /* Sources */,
				A8B31F9429F71D6500D2A474 /* Frameworks */,
				A8B31F9529F71D6500D2A474 /* Resources */,
			);
			buildRules = (
			);
			dependencies = (
				A8B31F9929F71D6500D2A474 /* PBXTargetDependency */,
			);
			name = "Yassir-MoviesTests";
			productName = "Yassir-MoviesTests";
			productReference = A8B31F9729F71D6500D2A474 /* Yassir-MoviesTests.xctest */;
			productType = "com.apple.product-type.bundle.unit-test";
		};
		A8B31FA029F71D6500D2A474 /* Yassir-MoviesUITests */ = {
			isa = PBXNativeTarget;
			buildConfigurationList = A8B31FB129F71D6500D2A474 /* Build configuration list for PBXNativeTarget "Yassir-MoviesUITests" */;
			buildPhases = (
				A8B31F9D29F71D6500D2A474 /* Sources */,
				A8B31F9E29F71D6500D2A474 /* Frameworks */,
				A8B31F9F29F71D6500D2A474 /* Resources */,
			);
			buildRules = (
			);
			dependencies = (
				A8B31FA329F71D6500D2A474 /* PBXTargetDependency */,
			);
			name = "Yassir-MoviesUITests";
			productName = "Yassir-MoviesUITests";
			productReference = A8B31FA129F71D6500D2A474 /* Yassir-MoviesUITests.xctest */;
			productType = "com.apple.product-type.bundle.ui-testing";
		};
/* End PBXNativeTarget section */

/* Begin PBXProject section */
		A8B31F7929F71D6300D2A474 /* Project object */ = {
			isa = PBXProject;
			attributes = {
				BuildIndependentTargetsInParallel = 1;
				LastSwiftUpdateCheck = 1410;
				LastUpgradeCheck = 1410;
				TargetAttributes = {
					A8B31F8029F71D6300D2A474 = {
						CreatedOnToolsVersion = 14.1;
					};
					A8B31F9629F71D6500D2A474 = {
						CreatedOnToolsVersion = 14.1;
						TestTargetID = A8B31F8029F71D6300D2A474;
					};
					A8B31FA029F71D6500D2A474 = {
						CreatedOnToolsVersion = 14.1;
						TestTargetID = A8B31F8029F71D6300D2A474;
					};
				};
			};
			buildConfigurationList = A8B31F7C29F71D6300D2A474 /* Build configuration list for PBXProject "Yassir-Movies" */;
			compatibilityVersion = "Xcode 14.0";
			developmentRegion = en;
			hasScannedForEncodings = 0;
			knownRegions = (
				en,
				Base,
			);
			mainGroup = A8B31F7829F71D6300D2A474;
			productRefGroup = A8B31F8229F71D6300D2A474 /* Products */;
			projectDirPath = "";
			projectRoot = "";
			targets = (
				A8B31F8029F71D6300D2A474 /* Yassir-Movies */,
				A8B31F9629F71D6500D2A474 /* Yassir-MoviesTests */,
				A8B31FA029F71D6500D2A474 /* Yassir-MoviesUITests */,
			);
		};
/* End PBXProject section */

/* Begin PBXResourcesBuildPhase section */
		A8B31F7F29F71D6300D2A474 /* Resources */ = {
			isa = PBXResourcesBuildPhase;
			buildActionMask = 2147483647;
			files = (
				A8B31F9129F71D6400D2A474 /* LaunchScreen.storyboard in Resources */,
				A8B31F8E29F71D6400D2A474 /* Assets.xcassets in Resources */,
				A8B31F8C29F71D6300D2A474 /* Main.storyboard in Resources */,
			);
			runOnlyForDeploymentPostprocessing = 0;
		};
		A8B31F9529F71D6500D2A474 /* Resources */ = {
			isa = PBXResourcesBuildPhase;
			buildActionMask = 2147483647;
			files = (
			);
			runOnlyForDeploymentPostprocessing = 0;
		};
		A8B31F9F29F71D6500D2A474 /* Resources */ = {
			isa = PBXResourcesBuildPhase;
			buildActionMask = 2147483647;
			files = (
			);
			runOnlyForDeploymentPostprocessing = 0;
		};
/* End PBXResourcesBuildPhase section */

/* Begin PBXSourcesBuildPhase section */
		A8B31F7D29F71D6300D2A474 /* Sources */ = {
			isa = PBXSourcesBuildPhase;
			buildActionMask = 2147483647;
			files = (
				A8B31F8929F71D6300D2A474 /* ViewController.swift in Sources */,
				A8B31F8529F71D6300D2A474 /* AppDelegate.swift in Sources */,
				A8B31F8729F71D6300D2A474 /* SceneDelegate.swift in Sources */,
			);
			runOnlyForDeploymentPostprocessing = 0;
		};
		A8B31F9329F71D6500D2A474 /* Sources */ = {
			isa = PBXSourcesBuildPhase;
			buildActionMask = 2147483647;
			files = (
				A8B31F9C29F71D6500D2A474 /* Yassir_MoviesTests.swift in Sources */,
			);
			runOnlyForDeploymentPostprocessing = 0;
		};
		A8B31F9D29F71D6500D2A474 /* Sources */ = {
			isa = PBXSourcesBuildPhase;
			buildActionMask = 2147483647;
			files = (
				A8B31FA829F71D6500D2A474 /* Yassir_MoviesUITestsLaunchTests.swift in Sources */,
				A8B31FA629F71D6500D2A474 /* Yassir_MoviesUITests.swift in Sources */,
			);
			runOnlyForDeploymentPostprocessing = 0;
		};
/* End PBXSourcesBuildPhase section */

/* Begin PBXTargetDependency section */
		A8B31F9929F71D6500D2A474 /* PBXTargetDependency */ = {
			isa = PBXTargetDependency;
			target = A8B31F8029F71D6300D2A474 /* Yassir-Movies */;
			targetProxy = A8B31F9829F71D6500D2A474 /* PBXContainerItemProxy */;
		};
		A8B31FA329F71D6500D2A474 /* PBXTargetDependency */ = {
			isa = PBXTargetDependency;
			target = A8B31F8029F71D6300D2A474 /* Yassir-Movies */;
			targetProxy = A8B31FA229F71D6500D2A474 /* PBXContainerItemProxy */;
		};
/* End PBXTargetDependency section */

/* Begin PBXVariantGroup section */
		A8B31F8A29F71D6300D2A474 /* Main.storyboard */ = {
			isa = PBXVariantGroup;
			children = (
				A8B31F8B29F71D6300D2A474 /* Base */,
			);
			name = Main.storyboard;
			sourceTree = "<group>";
		};
		A8B31F8F29F71D6400D2A474 /* LaunchScreen.storyboard */ = {
			isa = PBXVariantGroup;
			children = (
				A8B31F9029F71D6400D2A474 /* Base */,
			);
			name = LaunchScreen.storyboard;
			sourceTree = "<group>";
		};
/* End PBXVariantGroup section */

/* Begin XCBuildConfiguration section */
		A8B31FA929F71D6500D2A474 /* Debug */ = {
			isa = XCBuildConfiguration;
			buildSettings = {
				ALWAYS_SEARCH_USER_PATHS = NO;
				CLANG_ANALYZER_NONNULL = YES;
				CLANG_ANALYZER_NUMBER_OBJECT_CONVERSION = YES_AGGRESSIVE;
				CLANG_CXX_LANGUAGE_STANDARD = "gnu++20";
				CLANG_ENABLE_MODULES = YES;
				CLANG_ENABLE_OBJC_ARC = YES;
				CLANG_ENABLE_OBJC_WEAK = YES;
				CLANG_WARN_BLOCK_CAPTURE_AUTORELEASING = YES;
				CLANG_WARN_BOOL_CONVERSION = YES;
				CLANG_WARN_COMMA = YES;
				CLANG_WARN_CONSTANT_CONVERSION = YES;
				CLANG_WARN_DEPRECATED_OBJC_IMPLEMENTATIONS = YES;
				CLANG_WARN_DIRECT_OBJC_ISA_USAGE = YES_ERROR;
				CLANG_WARN_DOCUMENTATION_COMMENTS = YES;
				CLANG_WARN_EMPTY_BODY = YES;
				CLANG_WARN_ENUM_CONVERSION = YES;
				CLANG_WARN_INFINITE_RECURSION = YES;
				CLANG_WARN_INT_CONVERSION = YES;
				CLANG_WARN_NON_LITERAL_NULL_CONVERSION = YES;
				CLANG_WARN_OBJC_IMPLICIT_RETAIN_SELF = YES;
				CLANG_WARN_OBJC_LITERAL_CONVERSION = YES;
				CLANG_WARN_OBJC_ROOT_CLASS = YES_ERROR;
				CLANG_WARN_QUOTED_INCLUDE_IN_FRAMEWORK_HEADER = YES;
				CLANG_WARN_RANGE_LOOP_ANALYSIS = YES;
				CLANG_WARN_STRICT_PROTOTYPES = YES;
				CLANG_WARN_SUSPICIOUS_MOVE = YES;
				CLANG_WARN_UNGUARDED_AVAILABILITY = YES_AGGRESSIVE;
				CLANG_WARN_UNREACHABLE_CODE = YES;
				CLANG_WARN__DUPLICATE_METHOD_MATCH = YES;
				COPY_PHASE_STRIP = NO;
				DEBUG_INFORMATION_FORMAT = dwarf;
				ENABLE_STRICT_OBJC_MSGSEND = YES;
				ENABLE_TESTABILITY = YES;
				GCC_C_LANGUAGE_STANDARD = gnu11;
				GCC_DYNAMIC_NO_PIC = NO;
				GCC_NO_COMMON_BLOCKS = YES;
				GCC_OPTIMIZATION_LEVEL = 0;
				GCC_PREPROCESSOR_DEFINITIONS = (
					"DEBUG=1",
					"$(inherited)",
				);
				GCC_WARN_64_TO_32_BIT_CONVERSION = YES;
				GCC_WARN_ABOUT_RETURN_TYPE = YES_ERROR;
				GCC_WARN_UNDECLARED_SELECTOR = YES;
				GCC_WARN_UNINITIALIZED_AUTOS = YES_AGGRESSIVE;
				GCC_WARN_UNUSED_FUNCTION = YES;
				GCC_WARN_UNUSED_VARIABLE = YES;
				IPHONEOS_DEPLOYMENT_TARGET = 16.1;
				MTL_ENABLE_DEBUG_INFO = INCLUDE_SOURCE;
				MTL_FAST_MATH = YES;
				ONLY_ACTIVE_ARCH = YES;
				SDKROOT = iphoneos;
				SWIFT_ACTIVE_COMPILATION_CONDITIONS = DEBUG;
				SWIFT_OPTIMIZATION_LEVEL = "-Onone";
			};
			name = Debug;
		};
		A8B31FAA29F71D6500D2A474 /* Release */ = {
			isa = XCBuildConfiguration;
			buildSettings = {
				ALWAYS_SEARCH_USER_PATHS = NO;
				CLANG_ANALYZER_NONNULL = YES;
				CLANG_ANALYZER_NUMBER_OBJECT_CONVERSION = YES_AGGRESSIVE;
				CLANG_CXX_LANGUAGE_STANDARD = "gnu++20";
				CLANG_ENABLE_MODULES = YES;
				CLANG_ENABLE_OBJC_ARC = YES;
				CLANG_ENABLE_OBJC_WEAK = YES;
				CLANG_WARN_BLOCK_CAPTURE_AUTORELEASING = YES;
				CLANG_WARN_BOOL_CONVERSION = YES;
				CLANG_WARN_COMMA = YES;
				CLANG_WARN_CONSTANT_CONVERSION = YES;
				CLANG_WARN_DEPRECATED_OBJC_IMPLEMENTATIONS = YES;
				CLANG_WARN_DIRECT_OBJC_ISA_USAGE = YES_ERROR;
				CLANG_WARN_DOCUMENTATION_COMMENTS = YES;
				CLANG_WARN_EMPTY_BODY = YES;
				CLANG_WARN_ENUM_CONVERSION = YES;
				CLANG_WARN_INFINITE_RECURSION = YES;
				CLANG_WARN_INT_CONVERSION = YES;
				CLANG_WARN_NON_LITERAL_NULL_CONVERSION = YES;
				CLANG_WARN_OBJC_IMPLICIT_RETAIN_SELF = YES;
				CLANG_WARN_OBJC_LITERAL_CONVERSION = YES;
				CLANG_WARN_OBJC_ROOT_CLASS = YES_ERROR;
				CLANG_WARN_QUOTED_INCLUDE_IN_FRAMEWORK_HEADER = YES;
				CLANG_WARN_RANGE_LOOP_ANALYSIS = YES;
				CLANG_WARN_STRICT_PROTOTYPES = YES;
				CLANG_WARN_SUSPICIOUS_MOVE = YES;
				CLANG_WARN_UNGUARDED_AVAILABILITY = YES_AGGRESSIVE;
				CLANG_WARN_UNREACHABLE_CODE = YES;
				CLANG_WARN__DUPLICATE_METHOD_MATCH = YES;
				COPY_PHASE_STRIP = NO;
				DEBUG_INFORMATION_FORMAT = "dwarf-with-dsym";
				ENABLE_NS_ASSERTIONS = NO;
				ENABLE_STRICT_OBJC_MSGSEND = YES;
				GCC_C_LANGUAGE_STANDARD = gnu11;
				GCC_NO_COMMON_BLOCKS = YES;
				GCC_WARN_64_TO_32_BIT_CONVERSION = YES;
				GCC_WARN_ABOUT_RETURN_TYPE = YES_ERROR;
				GCC_WARN_UNDECLARED_SELECTOR = YES;
				GCC_WARN_UNINITIALIZED_AUTOS = YES_AGGRESSIVE;
				GCC_WARN_UNUSED_FUNCTION = YES;
				GCC_WARN_UNUSED_VARIABLE = YES;
				IPHONEOS_DEPLOYMENT_TARGET = 16.1;
				MTL_ENABLE_DEBUG_INFO = NO;
				MTL_FAST_MATH = YES;
				SDKROOT = iphoneos;
				SWIFT_COMPILATION_MODE = wholemodule;
				SWIFT_OPTIMIZATION_LEVEL = "-O";
				VALIDATE_PRODUCT = YES;
			};
			name = Release;
		};
		A8B31FAC29F71D6500D2A474 /* Debug */ = {
			isa = XCBuildConfiguration;
			buildSettings = {
				ASSETCATALOG_COMPILER_APPICON_NAME = AppIcon;
				ASSETCATALOG_COMPILER_GLOBAL_ACCENT_COLOR_NAME = AccentColor;
				CODE_SIGN_STYLE = Automatic;
				CURRENT_PROJECT_VERSION = 1;
				DEVELOPMENT_TEAM = 9GDF3DQEXP;
				GENERATE_INFOPLIST_FILE = YES;
				INFOPLIST_FILE = "Yassir-Movies/Info.plist";
				INFOPLIST_KEY_UIApplicationSupportsIndirectInputEvents = YES;
				INFOPLIST_KEY_UILaunchStoryboardName = LaunchScreen;
				INFOPLIST_KEY_UIMainStoryboardFile = Main;
				INFOPLIST_KEY_UISupportedInterfaceOrientations_iPad = "UIInterfaceOrientationPortrait UIInterfaceOrientationPortraitUpsideDown UIInterfaceOrientationLandscapeLeft UIInterfaceOrientationLandscapeRight";
				INFOPLIST_KEY_UISupportedInterfaceOrientations_iPhone = "UIInterfaceOrientationPortrait UIInterfaceOrientationLandscapeLeft UIInterfaceOrientationLandscapeRight";
				LD_RUNPATH_SEARCH_PATHS = (
					"$(inherited)",
					"@executable_path/Frameworks",
				);
				MARKETING_VERSION = 1.0;
				PRODUCT_BUNDLE_IDENTIFIER = "com..Yassir-Movies";
				PRODUCT_NAME = "$(TARGET_NAME)";
				SWIFT_EMIT_LOC_STRINGS = YES;
				SWIFT_VERSION = 5.0;
				TARGETED_DEVICE_FAMILY = "1,2";
			};
			name = Debug;
		};
		A8B31FAD29F71D6500D2A474 /* Release */ = {
			isa = XCBuildConfiguration;
			buildSettings = {
				ASSETCATALOG_COMPILER_APPICON_NAME = AppIcon;
				ASSETCATALOG_COMPILER_GLOBAL_ACCENT_COLOR_NAME = AccentColor;
				CODE_SIGN_STYLE = Automatic;
				CURRENT_PROJECT_VERSION = 1;
				DEVELOPMENT_TEAM = 9GDF3DQEXP;
				GENERATE_INFOPLIST_FILE = YES;
				INFOPLIST_FILE = "Yassir-Movies/Info.plist";
				INFOPLIST_KEY_UIApplicationSupportsIndirectInputEvents = YES;
				INFOPLIST_KEY_UILaunchStoryboardName = LaunchScreen;
				INFOPLIST_KEY_UIMainStoryboardFile = Main;
				INFOPLIST_KEY_UISupportedInterfaceOrientations_iPad = "UIInterfaceOrientationPortrait UIInterfaceOrientationPortraitUpsideDown UIInterfaceOrientationLandscapeLeft UIInterfaceOrientationLandscapeRight";
				INFOPLIST_KEY_UISupportedInterfaceOrientations_iPhone = "UIInterfaceOrientationPortrait UIInterfaceOrientationLandscapeLeft UIInterfaceOrientationLandscapeRight";
				LD_RUNPATH_SEARCH_PATHS = (
					"$(inherited)",
					"@executable_path/Frameworks",
				);
				MARKETING_VERSION = 1.0;
				PRODUCT_BUNDLE_IDENTIFIER = "com..Yassir-Movies";
				PRODUCT_NAME = "$(TARGET_NAME)";
				SWIFT_EMIT_LOC_STRINGS = YES;
				SWIFT_VERSION = 5.0;
				TARGETED_DEVICE_FAMILY = "1,2";
			};
			name = Release;
		};
		A8B31FAF29F71D6500D2A474 /* Debug */ = {
			isa = XCBuildConfiguration;
			buildSettings = {
				ALWAYS_EMBED_SWIFT_STANDARD_LIBRARIES = YES;
				BUNDLE_LOADER = "$(TEST_HOST)";
				CODE_SIGN_STYLE = Automatic;
				CURRENT_PROJECT_VERSION = 1;
				DEVELOPMENT_TEAM = 9GDF3DQEXP;
				GENERATE_INFOPLIST_FILE = YES;
				IPHONEOS_DEPLOYMENT_TARGET = 16.1;
				MARKETING_VERSION = 1.0;
				PRODUCT_BUNDLE_IDENTIFIER = "com..Yassir-MoviesTests";
				PRODUCT_NAME = "$(TARGET_NAME)";
				SWIFT_EMIT_LOC_STRINGS = NO;
				SWIFT_VERSION = 5.0;
				TARGETED_DEVICE_FAMILY = "1,2";
				TEST_HOST = "$(BUILT_PRODUCTS_DIR)/Yassir-Movies.app/$(BUNDLE_EXECUTABLE_FOLDER_PATH)/Yassir-Movies";
			};
			name = Debug;
		};
		A8B31FB029F71D6500D2A474 /* Release */ = {
			isa = XCBuildConfiguration;
			buildSettings = {
				ALWAYS_EMBED_SWIFT_STANDARD_LIBRARIES = YES;
				BUNDLE_LOADER = "$(TEST_HOST)";
				CODE_SIGN_STYLE = Automatic;
				CURRENT_PROJECT_VERSION = 1;
				DEVELOPMENT_TEAM = 9GDF3DQEXP;
				GENERATE_INFOPLIST_FILE = YES;
				IPHONEOS_DEPLOYMENT_TARGET = 16.1;
				MARKETING_VERSION = 1.0;
				PRODUCT_BUNDLE_IDENTIFIER = "com..Yassir-MoviesTests";
				PRODUCT_NAME = "$(TARGET_NAME)";
				SWIFT_EMIT_LOC_STRINGS = NO;
				SWIFT_VERSION = 5.0;
				TARGETED_DEVICE_FAMILY = "1,2";
				TEST_HOST = "$(BUILT_PRODUCTS_DIR)/Yassir-Movies.app/$(BUNDLE_EXECUTABLE_FOLDER_PATH)/Yassir-Movies";
			};
			name = Release;
		};
		A8B31FB229F71D6500D2A474 /* Debug */ = {
			isa = XCBuildConfiguration;
			buildSettings = {
				ALWAYS_EMBED_SWIFT_STANDARD_LIBRARIES = YES;
				CODE_SIGN_STYLE = Automatic;
				CURRENT_PROJECT_VERSION = 1;
				DEVELOPMENT_TEAM = 9GDF3DQEXP;
				GENERATE_INFOPLIST_FILE = YES;
				MARKETING_VERSION = 1.0;
				PRODUCT_BUNDLE_IDENTIFIER = "com..Yassir-MoviesUITests";
				PRODUCT_NAME = "$(TARGET_NAME)";
				SWIFT_EMIT_LOC_STRINGS = NO;
				SWIFT_VERSION = 5.0;
				TARGETED_DEVICE_FAMILY = "1,2";
				TEST_TARGET_NAME = "Yassir-Movies";
			};
			name = Debug;
		};
		A8B31FB329F71D6500D2A474 /* Release */ = {
			isa = XCBuildConfiguration;
			buildSettings = {
				ALWAYS_EMBED_SWIFT_STANDARD_LIBRARIES = YES;
				CODE_SIGN_STYLE = Automatic;
				CURRENT_PROJECT_VERSION = 1;
				DEVELOPMENT_TEAM = 9GDF3DQEXP;
				GENERATE_INFOPLIST_FILE = YES;
				MARKETING_VERSION = 1.0;
				PRODUCT_BUNDLE_IDENTIFIER = "com..Yassir-MoviesUITests";
				PRODUCT_NAME = "$(TARGET_NAME)";
				SWIFT_EMIT_LOC_STRINGS = NO;
				SWIFT_VERSION = 5.0;
				TARGETED_DEVICE_FAMILY = "1,2";
				TEST_TARGET_NAME = "Yassir-Movies";
			};
			name = Release;
		};
/* End XCBuildConfiguration section */

/* Begin XCConfigurationList section */
		A8B31F7C29F71D6300D2A474 /* Build configuration list for PBXProject "Yassir-Movies" */ = {
			isa = XCConfigurationList;
			buildConfigurations = (
				A8B31FA929F71D6500D2A474 /* Debug */,
				A8B31FAA29F71D6500D2A474 /* Release */,
			);
			defaultConfigurationIsVisible = 0;
			defaultConfigurationName = Release;
		};
		A8B31FAB29F71D6500D2A474 /* Build configuration list for PBXNativeTarget "Yassir-Movies" */ = {
			isa = XCConfigurationList;
			buildConfigurations = (
				A8B31FAC29F71D6500D2A474 /* Debug */,
				A8B31FAD29F71D6500D2A474 /* Release */,
			);
			defaultConfigurationIsVisible = 0;
			defaultConfigurationName = Release;
		};
		A8B31FAE29F71D6500D2A474 /* Build configuration list for PBXNativeTarget "Yassir-MoviesTests" */ = {
			isa = XCConfigurationList;
			buildConfigurations = (
				A8B31FAF29F71D6500D2A474 /* Debug */,
				A8B31FB029F71D6500D2A474 /* Release */,
			);
			defaultConfigurationIsVisible = 0;
			defaultConfigurationName = Release;
		};
		A8B31FB129F71D6500D2A474 /* Build configuration list for PBXNativeTarget "Yassir-MoviesUITests" */ = {
			isa = XCConfigurationList;
			buildConfigurations = (
				A8B31FB229F71D6500D2A474 /* Debug */,
				A8B31FB329F71D6500D2A474 /* Release */,
			);
			defaultConfigurationIsVisible = 0;
			defaultConfigurationName = Release;
		};
/* End XCConfigurationList section */
	};
	rootObject = A8B31F7929F71D6300D2A474 /* Project object */;
}
